{
  "object": {
    "pins": [
      {
        "package": "Socket",
        "repositoryURL": "https://github.com/Kitura/BlueSocket",
        "state": {
          "branch": "master",
          "revision": "7b23a867008e0027bfd6f4d398d44720707bc8ca",
          "version": null
        }
      }
    ]
  },
  "version": 1
}
