{
  "object": {
    "pins": [
      {
        "package": "Socket",
        "repositoryURL": "https://github.com/IBM-Swift/BlueSocket",
        "state": {
          "branch": null,
          "revision": "ccc671b022bc60e5fffcb2aa15f499c6331bfd18",
          "version": "1.0.46"
        }
      },
      {
        "package": "CSSH",
        "repositoryURL": "https://github.com/jakeheis/CSSH",
        "state": {
          "branch": null,
          "revision": "579a20508ab598f78713a60fed95706efd06bbcb",
          "version": "1.0.3"
        }
      }
    ]
  },
  "version": 1
}
